
Microsoft Visual Studio Solution File, Format Version 12.00
Project("{FAE04EC0-301F-11D3-BF4B-00C04F79EFBC}") = "MayTheFourth.Infrastructure", "MayTheFourth.Infrastructure\MayTheFourth.Infrastructure.csproj", "{CC90B450-35EA-4DD6-A5E4-9BD4F4B95B27}"
EndProject
Project("{FAE04EC0-301F-11D3-BF4B-00C04F79EFBC}") = "MayTheFourth.Api", "MayTheFourth.Api\MayTheFourth.Api.csproj", "{CE18C2CA-7DA7-40B9-B68B-0451E757E549}"
EndProject
Project("{FAE04EC0-301F-11D3-BF4B-00C04F79EFBC}") = "MayTheFourth.Communication", "MayTheFourth.Communication\MayTheFourth.Communication.csproj", "{6180BDBD-619C-4302-834D-7572B3CE84CD}"
EndProject
Project("{FAE04EC0-301F-11D3-BF4B-00C04F79EFBC}") = "MayTheFourth.Application", "MayTheFourth.Application\MayTheFourth.Application.csproj", "{E911D50C-CACA-4297-9A62-1C5AEFD1AEA4}"
EndProject
Global
	GlobalSection(SolutionConfigurationPlatforms) = preSolution
		Debug|Any CPU = Debug|Any CPU
		Release|Any CPU = Release|Any CPU
	EndGlobalSection
	GlobalSection(ProjectConfigurationPlatforms) = postSolution
		{CC90B450-35EA-4DD6-A5E4-9BD4F4B95B27}.Debug|Any CPU.ActiveCfg = Debug|Any CPU
		{CC90B450-35EA-4DD6-A5E4-9BD4F4B95B27}.Debug|Any CPU.Build.0 = Debug|Any CPU
		{CC90B450-35EA-4DD6-A5E4-9BD4F4B95B27}.Release|Any CPU.ActiveCfg = Release|Any CPU
		{CC90B450-35EA-4DD6-A5E4-9BD4F4B95B27}.Release|Any CPU.Build.0 = Release|Any CPU
		{CE18C2CA-7DA7-40B9-B68B-0451E757E549}.Debug|Any CPU.ActiveCfg = Debug|Any CPU
		{CE18C2CA-7DA7-40B9-B68B-0451E757E549}.Debug|Any CPU.Build.0 = Debug|Any CPU
		{CE18C2CA-7DA7-40B9-B68B-0451E757E549}.Release|Any CPU.ActiveCfg = Release|Any CPU
		{CE18C2CA-7DA7-40B9-B68B-0451E757E549}.Release|Any CPU.Build.0 = Release|Any CPU
		{6180BDBD-619C-4302-834D-7572B3CE84CD}.Debug|Any CPU.ActiveCfg = Debug|Any CPU
		{6180BDBD-619C-4302-834D-7572B3CE84CD}.Debug|Any CPU.Build.0 = Debug|Any CPU
		{6180BDBD-619C-4302-834D-7572B3CE84CD}.Release|Any CPU.ActiveCfg = Release|Any CPU
		{6180BDBD-619C-4302-834D-7572B3CE84CD}.Release|Any CPU.Build.0 = Release|Any CPU
		{E911D50C-CACA-4297-9A62-1C5AEFD1AEA4}.Debug|Any CPU.ActiveCfg = Debug|Any CPU
		{E911D50C-CACA-4297-9A62-1C5AEFD1AEA4}.Debug|Any CPU.Build.0 = Debug|Any CPU
		{E911D50C-CACA-4297-9A62-1C5AEFD1AEA4}.Release|Any CPU.ActiveCfg = Release|Any CPU
		{E911D50C-CACA-4297-9A62-1C5AEFD1AEA4}.Release|Any CPU.Build.0 = Release|Any CPU
	EndGlobalSection
EndGlobal
